<?xml version="1.0" encoding="utf-8"?>
<Project ToolsVersion="4.0" xmlns="http://schemas.microsoft.com/developer/msbuild/2003">
  <ItemGroup>
    <Filter Include="Archivos de origen">
      <UniqueIdentifier>{4FC737F1-C7A5-4376-A066-2A32D752A2FF}</UniqueIdentifier>
      <Extensions>cpp;c;cc;cxx;c++;cppm;ixx;def;odl;idl;hpj;bat;asm;asmx</Extensions>
    </Filter>
    <Filter Include="Archivos de encabezado">
      <UniqueIdentifier>{93995380-89BD-4b04-88EB-625FBE52EBFB}</UniqueIdentifier>
      <Extensions>h;hh;hpp;hxx;h++;hm;inl;inc;ipp;xsd</Extensions>
    </Filter>
    <Filter Include="Archivos de recursos">
      <UniqueIdentifier>{67DA6AB6-F800-4c08-8B7A-83BB121AAD01}</UniqueIdentifier>
      <Extensions>rc;ico;cur;bmp;dlg;rc2;rct;bin;rgs;gif;jpg;jpeg;jpe;resx;tiff;tif;png;wav;mfcribbon-ms</Extensions>
    </Filter>
    <Filter Include="Archivos de encabezado\HEngineExport">
      <UniqueIdentifier>{e12d61b3-d39d-4972-8b39-19adfb2023ec}</UniqueIdentifier>
    </Filter>
    <Filter Include="Archivos de origen\HEngineExport">
      <UniqueIdentifier>{4e208558-43f2-4d09-aba4-c286d8c55a68}</UniqueIdentifier>
    </Filter>
    <Filter Include="Archivos de origen\System">
      <UniqueIdentifier>{f765ff81-5df2-4dab-b44b-13e3a8b62045}</UniqueIdentifier>
    </Filter>
    <Filter Include="Archivos de encabezado\System">
      <UniqueIdentifier>{c2d3353a-846a-4a13-baf6-b691a81c033e}</UniqueIdentifier>
    </Filter>
    <Filter Include="Archivos de encabezado\Components">
      <UniqueIdentifier>{6d7839d4-98a6-4764-b8e6-85481325e6a8}</UniqueIdentifier>
    </Filter>
  </ItemGroup>
  <ItemGroup>
    <ClInclude Include="..\..\Src\HEngineExports\HEngineExport.h">
      <Filter>Archivos de encabezado\HEngineExport</Filter>
    </ClInclude>
    <ClInclude Include="..\..\Src\HEngineExports\HEngineExtensions.h">
      <Filter>Archivos de encabezado\HEngineExport</Filter>
    </ClInclude>
    <ClInclude Include="..\..\Src\Systems\GameSystem.h">
      <Filter>Archivos de encabezado\System</Filter>
    </ClInclude>
    <ClInclude Include="..\..\Src\Systems\PlayerSystem.h">
      <Filter>Archivos de encabezado\System</Filter>
    </ClInclude>
    <ClInclude Include="..\..\Src\Components\Player.h">
      <Filter>Archivos de encabezado\Components</Filter>
    </ClInclude>
  </ItemGroup>
  <ItemGroup>
    <ClCompile Include="..\..\Src\HEngineExports\HEngineExport.cpp">
      <Filter>Archivos de origen\HEngineExport</Filter>
    </ClCompile>
    <ClCompile Include="..\..\Src\Systems\GameSystem.cpp">
      <Filter>Archivos de origen\System</Filter>
    </ClCompile>
    <ClCompile Include="..\..\Src\Systems\PlayerSystem.cpp">
      <Filter>Archivos de origen\System</Filter>
    </ClCompile>
  </ItemGroup>
</Project>